
Microsoft Visual Studio Solution File, Format Version 12.00
# Visual Studio Version 17
VisualStudioVersion = 17.0.31903.59
MinimumVisualStudioVersion = 10.0.40219.1
Project("{2150E333-8FDC-42A3-9474-1A3956D46DE8}") = "src", "src", "{827E0CD3-B72D-47B6-A68D-7590B98EB39B}"
EndProject
Project("{2150E333-8FDC-42A3-9474-1A3956D46DE8}") = "Domain", "Domain", "{8B290487-4C16-E85E-E807-F579CBE9FC4D}"
EndProject
Project("{FAE04EC0-301F-11D3-BF4B-00C04F79EFBC}") = "Sigma.Domain", "src\Domain\Sigma.Domain.csproj", "{49D509D6-8F23-4EDE-BEC7-9158F398A6F7}"
EndProject
Project("{2150E333-8FDC-42A3-9474-1A3956D46DE8}") = "Application", "Application", "{22BAF98C-8415-17C4-B26A-D537657BC863}"
EndProject
Project("{FAE04EC0-301F-11D3-BF4B-00C04F79EFBC}") = "Sigma.Application", "src\Application\Sigma.Application.csproj", "{156D0AB3-B300-4676-93B2-92CA1573E75E}"
EndProject
Project("{2150E333-8FDC-42A3-9474-1A3956D46DE8}") = "Infrastructure", "Infrastructure", "{9048EB7F-3875-A59E-E36B-5BD4C6F2A282}"
EndProject
Project("{FAE04EC0-301F-11D3-BF4B-00C04F79EFBC}") = "Sigma.Infrastructure", "src\Infrastructure\Sigma.Infrastructure.csproj", "{E6DE44DF-2CC8-47BB-B091-7A0A110AD33E}"
EndProject
Project("{2150E333-8FDC-42A3-9474-1A3956D46DE8}") = "API", "API", "{81034408-37C8-1011-444E-4C15C2FADA8E}"
EndProject
Project("{FAE04EC0-301F-11D3-BF4B-00C04F79EFBC}") = "Sigma.API", "src\API\Sigma.API.csproj", "{EB850C90-7D26-43B1-B6F9-A2080F4C5951}"
EndProject
Project("{2150E333-8FDC-42A3-9474-1A3956D46DE8}") = "Workers", "Workers", "{FE5F7021-A3C9-35C7-FF50-8DA81625868E}"
EndProject
Project("{FAE04EC0-301F-11D3-BF4B-00C04F79EFBC}") = "Sigma.Workers", "src\Workers\Sigma.Workers.csproj", "{4C4319AA-B759-4915-B49E-4130BCDD0589}"
EndProject
Project("{2150E333-8FDC-42A3-9474-1A3956D46DE8}") = "Shared", "Shared", "{C8E42992-5E42-0C2B-DBFE-AA848D06431C}"
EndProject
Project("{FAE04EC0-301F-11D3-BF4B-00C04F79EFBC}") = "Sigma.Shared", "src\Shared\Sigma.Shared.csproj", "{1544D2F5-AD71-41FD-AB92-53735D7970BB}"
EndProject
Project("{2150E333-8FDC-42A3-9474-1A3956D46DE8}") = "tests", "tests", "{0AB3BF05-4346-4AA6-1389-037BE0695223}"
EndProject
Project("{FAE04EC0-301F-11D3-BF4B-00C04F79EFBC}") = "Sigma.Domain.Tests", "tests\Sigma.Domain.Tests\Sigma.Domain.Tests.csproj", "{34B4CB4A-734A-43C6-8033-CB07B149F319}"
EndProject
Project("{FAE04EC0-301F-11D3-BF4B-00C04F79EFBC}") = "Sigma.Application.Tests", "tests\Sigma.Application.Tests\Sigma.Application.Tests.csproj", "{9015ADC5-6A85-4061-BAAB-635454A68AC7}"
EndProject
Project("{FAE04EC0-301F-11D3-BF4B-00C04F79EFBC}") = "Sigma.API.Tests", "tests\Sigma.API.Tests\Sigma.API.Tests.csproj", "{16624B6D-0D22-4229-B93B-CBECF0F85BA0}"
EndProject
Project("{FAE04EC0-301F-11D3-BF4B-00C04F79EFBC}") = "Sigma.Infrastructure.Tests", "tests\Sigma.Infrastructure.Tests\Sigma.Infrastructure.Tests.csproj", "{928EE785-A694-43F8-BC8C-605F62397B96}"
EndProject
Project("{FAE04EC0-301F-11D3-BF4B-00C04F79EFBC}") = "Sigma.Shared.Tests", "tests\Sigma.Shared.Tests\Sigma.Shared.Tests.csproj", "{2DDBF891-867D-4F6C-92C0-521DDCEB27B4}"
EndProject
Global
	GlobalSection(SolutionConfigurationPlatforms) = preSolution
		Debug|Any CPU = Debug|Any CPU
		Debug|x64 = Debug|x64
		Debug|x86 = Debug|x86
		Release|Any CPU = Release|Any CPU
		Release|x64 = Release|x64
		Release|x86 = Release|x86
	EndGlobalSection
	GlobalSection(ProjectConfigurationPlatforms) = postSolution
		{49D509D6-8F23-4EDE-BEC7-9158F398A6F7}.Debug|Any CPU.ActiveCfg = Debug|Any CPU
		{49D509D6-8F23-4EDE-BEC7-9158F398A6F7}.Debug|Any CPU.Build.0 = Debug|Any CPU
		{49D509D6-8F23-4EDE-BEC7-9158F398A6F7}.Debug|x64.ActiveCfg = Debug|Any CPU
		{49D509D6-8F23-4EDE-BEC7-9158F398A6F7}.Debug|x64.Build.0 = Debug|Any CPU
		{49D509D6-8F23-4EDE-BEC7-9158F398A6F7}.Debug|x86.ActiveCfg = Debug|Any CPU
		{49D509D6-8F23-4EDE-BEC7-9158F398A6F7}.Debug|x86.Build.0 = Debug|Any CPU
		{49D509D6-8F23-4EDE-BEC7-9158F398A6F7}.Release|Any CPU.ActiveCfg = Release|Any CPU
		{49D509D6-8F23-4EDE-BEC7-9158F398A6F7}.Release|Any CPU.Build.0 = Release|Any CPU
		{49D509D6-8F23-4EDE-BEC7-9158F398A6F7}.Release|x64.ActiveCfg = Release|Any CPU
		{49D509D6-8F23-4EDE-BEC7-9158F398A6F7}.Release|x64.Build.0 = Release|Any CPU
		{49D509D6-8F23-4EDE-BEC7-9158F398A6F7}.Release|x86.ActiveCfg = Release|Any CPU
		{49D509D6-8F23-4EDE-BEC7-9158F398A6F7}.Release|x86.Build.0 = Release|Any CPU
		{156D0AB3-B300-4676-93B2-92CA1573E75E}.Debug|Any CPU.ActiveCfg = Debug|Any CPU
		{156D0AB3-B300-4676-93B2-92CA1573E75E}.Debug|Any CPU.Build.0 = Debug|Any CPU
		{156D0AB3-B300-4676-93B2-92CA1573E75E}.Debug|x64.ActiveCfg = Debug|Any CPU
		{156D0AB3-B300-4676-93B2-92CA1573E75E}.Debug|x64.Build.0 = Debug|Any CPU
		{156D0AB3-B300-4676-93B2-92CA1573E75E}.Debug|x86.ActiveCfg = Debug|Any CPU
		{156D0AB3-B300-4676-93B2-92CA1573E75E}.Debug|x86.Build.0 = Debug|Any CPU
		{156D0AB3-B300-4676-93B2-92CA1573E75E}.Release|Any CPU.ActiveCfg = Release|Any CPU
		{156D0AB3-B300-4676-93B2-92CA1573E75E}.Release|Any CPU.Build.0 = Release|Any CPU
		{156D0AB3-B300-4676-93B2-92CA1573E75E}.Release|x64.ActiveCfg = Release|Any CPU
		{156D0AB3-B300-4676-93B2-92CA1573E75E}.Release|x64.Build.0 = Release|Any CPU
		{156D0AB3-B300-4676-93B2-92CA1573E75E}.Release|x86.ActiveCfg = Release|Any CPU
		{156D0AB3-B300-4676-93B2-92CA1573E75E}.Release|x86.Build.0 = Release|Any CPU
		{E6DE44DF-2CC8-47BB-B091-7A0A110AD33E}.Debug|Any CPU.ActiveCfg = Debug|Any CPU
		{E6DE44DF-2CC8-47BB-B091-7A0A110AD33E}.Debug|Any CPU.Build.0 = Debug|Any CPU
		{E6DE44DF-2CC8-47BB-B091-7A0A110AD33E}.Debug|x64.ActiveCfg = Debug|Any CPU
		{E6DE44DF-2CC8-47BB-B091-7A0A110AD33E}.Debug|x64.Build.0 = Debug|Any CPU
		{E6DE44DF-2CC8-47BB-B091-7A0A110AD33E}.Debug|x86.ActiveCfg = Debug|Any CPU
		{E6DE44DF-2CC8-47BB-B091-7A0A110AD33E}.Debug|x86.Build.0 = Debug|Any CPU
		{E6DE44DF-2CC8-47BB-B091-7A0A110AD33E}.Release|Any CPU.ActiveCfg = Release|Any CPU
		{E6DE44DF-2CC8-47BB-B091-7A0A110AD33E}.Release|Any CPU.Build.0 = Release|Any CPU
		{E6DE44DF-2CC8-47BB-B091-7A0A110AD33E}.Release|x64.ActiveCfg = Release|Any CPU
		{E6DE44DF-2CC8-47BB-B091-7A0A110AD33E}.Release|x64.Build.0 = Release|Any CPU
		{E6DE44DF-2CC8-47BB-B091-7A0A110AD33E}.Release|x86.ActiveCfg = Release|Any CPU
		{E6DE44DF-2CC8-47BB-B091-7A0A110AD33E}.Release|x86.Build.0 = Release|Any CPU
		{EB850C90-7D26-43B1-B6F9-A2080F4C5951}.Debug|Any CPU.ActiveCfg = Debug|Any CPU
		{EB850C90-7D26-43B1-B6F9-A2080F4C5951}.Debug|Any CPU.Build.0 = Debug|Any CPU
		{EB850C90-7D26-43B1-B6F9-A2080F4C5951}.Debug|x64.ActiveCfg = Debug|Any CPU
		{EB850C90-7D26-43B1-B6F9-A2080F4C5951}.Debug|x64.Build.0 = Debug|Any CPU
		{EB850C90-7D26-43B1-B6F9-A2080F4C5951}.Debug|x86.ActiveCfg = Debug|Any CPU
		{EB850C90-7D26-43B1-B6F9-A2080F4C5951}.Debug|x86.Build.0 = Debug|Any CPU
		{EB850C90-7D26-43B1-B6F9-A2080F4C5951}.Release|Any CPU.ActiveCfg = Release|Any CPU
		{EB850C90-7D26-43B1-B6F9-A2080F4C5951}.Release|Any CPU.Build.0 = Release|Any CPU
		{EB850C90-7D26-43B1-B6F9-A2080F4C5951}.Release|x64.ActiveCfg = Release|Any CPU
		{EB850C90-7D26-43B1-B6F9-A2080F4C5951}.Release|x64.Build.0 = Release|Any CPU
		{EB850C90-7D26-43B1-B6F9-A2080F4C5951}.Release|x86.ActiveCfg = Release|Any CPU
		{EB850C90-7D26-43B1-B6F9-A2080F4C5951}.Release|x86.Build.0 = Release|Any CPU
		{4C4319AA-B759-4915-B49E-4130BCDD0589}.Debug|Any CPU.ActiveCfg = Debug|Any CPU
		{4C4319AA-B759-4915-B49E-4130BCDD0589}.Debug|Any CPU.Build.0 = Debug|Any CPU
		{4C4319AA-B759-4915-B49E-4130BCDD0589}.Debug|x64.ActiveCfg = Debug|Any CPU
		{4C4319AA-B759-4915-B49E-4130BCDD0589}.Debug|x64.Build.0 = Debug|Any CPU
		{4C4319AA-B759-4915-B49E-4130BCDD0589}.Debug|x86.ActiveCfg = Debug|Any CPU
		{4C4319AA-B759-4915-B49E-4130BCDD0589}.Debug|x86.Build.0 = Debug|Any CPU
		{4C4319AA-B759-4915-B49E-4130BCDD0589}.Release|Any CPU.ActiveCfg = Release|Any CPU
		{4C4319AA-B759-4915-B49E-4130BCDD0589}.Release|Any CPU.Build.0 = Release|Any CPU
		{4C4319AA-B759-4915-B49E-4130BCDD0589}.Release|x64.ActiveCfg = Release|Any CPU
		{4C4319AA-B759-4915-B49E-4130BCDD0589}.Release|x64.Build.0 = Release|Any CPU
		{4C4319AA-B759-4915-B49E-4130BCDD0589}.Release|x86.ActiveCfg = Release|Any CPU
		{4C4319AA-B759-4915-B49E-4130BCDD0589}.Release|x86.Build.0 = Release|Any CPU
		{1544D2F5-AD71-41FD-AB92-53735D7970BB}.Debug|Any CPU.ActiveCfg = Debug|Any CPU
		{1544D2F5-AD71-41FD-AB92-53735D7970BB}.Debug|Any CPU.Build.0 = Debug|Any CPU
		{1544D2F5-AD71-41FD-AB92-53735D7970BB}.Debug|x64.ActiveCfg = Debug|Any CPU
		{1544D2F5-AD71-41FD-AB92-53735D7970BB}.Debug|x64.Build.0 = Debug|Any CPU
		{1544D2F5-AD71-41FD-AB92-53735D7970BB}.Debug|x86.ActiveCfg = Debug|Any CPU
		{1544D2F5-AD71-41FD-AB92-53735D7970BB}.Debug|x86.Build.0 = Debug|Any CPU
		{1544D2F5-AD71-41FD-AB92-53735D7970BB}.Release|Any CPU.ActiveCfg = Release|Any CPU
		{1544D2F5-AD71-41FD-AB92-53735D7970BB}.Release|Any CPU.Build.0 = Release|Any CPU
		{1544D2F5-AD71-41FD-AB92-53735D7970BB}.Release|x64.ActiveCfg = Release|Any CPU
		{1544D2F5-AD71-41FD-AB92-53735D7970BB}.Release|x64.Build.0 = Release|Any CPU
		{1544D2F5-AD71-41FD-AB92-53735D7970BB}.Release|x86.ActiveCfg = Release|Any CPU
		{1544D2F5-AD71-41FD-AB92-53735D7970BB}.Release|x86.Build.0 = Release|Any CPU
		{34B4CB4A-734A-43C6-8033-CB07B149F319}.Debug|Any CPU.ActiveCfg = Debug|Any CPU
		{34B4CB4A-734A-43C6-8033-CB07B149F319}.Debug|Any CPU.Build.0 = Debug|Any CPU
		{34B4CB4A-734A-43C6-8033-CB07B149F319}.Debug|x64.ActiveCfg = Debug|Any CPU
		{34B4CB4A-734A-43C6-8033-CB07B149F319}.Debug|x64.Build.0 = Debug|Any CPU
		{34B4CB4A-734A-43C6-8033-CB07B149F319}.Debug|x86.ActiveCfg = Debug|Any CPU
		{34B4CB4A-734A-43C6-8033-CB07B149F319}.Debug|x86.Build.0 = Debug|Any CPU
		{34B4CB4A-734A-43C6-8033-CB07B149F319}.Release|Any CPU.ActiveCfg = Release|Any CPU
		{34B4CB4A-734A-43C6-8033-CB07B149F319}.Release|Any CPU.Build.0 = Release|Any CPU
		{34B4CB4A-734A-43C6-8033-CB07B149F319}.Release|x64.ActiveCfg = Release|Any CPU
		{34B4CB4A-734A-43C6-8033-CB07B149F319}.Release|x64.Build.0 = Release|Any CPU
		{34B4CB4A-734A-43C6-8033-CB07B149F319}.Release|x86.ActiveCfg = Release|Any CPU
		{34B4CB4A-734A-43C6-8033-CB07B149F319}.Release|x86.Build.0 = Release|Any CPU
		{9015ADC5-6A85-4061-BAAB-635454A68AC7}.Debug|Any CPU.ActiveCfg = Debug|Any CPU
		{9015ADC5-6A85-4061-BAAB-635454A68AC7}.Debug|Any CPU.Build.0 = Debug|Any CPU
		{9015ADC5-6A85-4061-BAAB-635454A68AC7}.Debug|x64.ActiveCfg = Debug|Any CPU
		{9015ADC5-6A85-4061-BAAB-635454A68AC7}.Debug|x64.Build.0 = Debug|Any CPU
		{9015ADC5-6A85-4061-BAAB-635454A68AC7}.Debug|x86.ActiveCfg = Debug|Any CPU
		{9015ADC5-6A85-4061-BAAB-635454A68AC7}.Debug|x86.Build.0 = Debug|Any CPU
		{9015ADC5-6A85-4061-BAAB-635454A68AC7}.Release|Any CPU.ActiveCfg = Release|Any CPU
		{9015ADC5-6A85-4061-BAAB-635454A68AC7}.Release|Any CPU.Build.0 = Release|Any CPU
		{9015ADC5-6A85-4061-BAAB-635454A68AC7}.Release|x64.ActiveCfg = Release|Any CPU
		{9015ADC5-6A85-4061-BAAB-635454A68AC7}.Release|x64.Build.0 = Release|Any CPU
		{9015ADC5-6A85-4061-BAAB-635454A68AC7}.Release|x86.ActiveCfg = Release|Any CPU
		{9015ADC5-6A85-4061-BAAB-635454A68AC7}.Release|x86.Build.0 = Release|Any CPU
		{16624B6D-0D22-4229-B93B-CBECF0F85BA0}.Debug|Any CPU.ActiveCfg = Debug|Any CPU
		{16624B6D-0D22-4229-B93B-CBECF0F85BA0}.Debug|Any CPU.Build.0 = Debug|Any CPU
		{16624B6D-0D22-4229-B93B-CBECF0F85BA0}.Debug|x64.ActiveCfg = Debug|Any CPU
		{16624B6D-0D22-4229-B93B-CBECF0F85BA0}.Debug|x64.Build.0 = Debug|Any CPU
		{16624B6D-0D22-4229-B93B-CBECF0F85BA0}.Debug|x86.ActiveCfg = Debug|Any CPU
		{16624B6D-0D22-4229-B93B-CBECF0F85BA0}.Debug|x86.Build.0 = Debug|Any CPU
		{16624B6D-0D22-4229-B93B-CBECF0F85BA0}.Release|Any CPU.ActiveCfg = Release|Any CPU
		{16624B6D-0D22-4229-B93B-CBECF0F85BA0}.Release|Any CPU.Build.0 = Release|Any CPU
		{16624B6D-0D22-4229-B93B-CBECF0F85BA0}.Release|x64.ActiveCfg = Release|Any CPU
		{16624B6D-0D22-4229-B93B-CBECF0F85BA0}.Release|x64.Build.0 = Release|Any CPU
		{16624B6D-0D22-4229-B93B-CBECF0F85BA0}.Release|x86.ActiveCfg = Release|Any CPU
		{16624B6D-0D22-4229-B93B-CBECF0F85BA0}.Release|x86.Build.0 = Release|Any CPU
		{928EE785-A694-43F8-BC8C-605F62397B96}.Debug|Any CPU.ActiveCfg = Debug|Any CPU
		{928EE785-A694-43F8-BC8C-605F62397B96}.Debug|Any CPU.Build.0 = Debug|Any CPU
		{928EE785-A694-43F8-BC8C-605F62397B96}.Debug|x64.ActiveCfg = Debug|Any CPU
		{928EE785-A694-43F8-BC8C-605F62397B96}.Debug|x64.Build.0 = Debug|Any CPU
		{928EE785-A694-43F8-BC8C-605F62397B96}.Debug|x86.ActiveCfg = Debug|Any CPU
		{928EE785-A694-43F8-BC8C-605F62397B96}.Debug|x86.Build.0 = Debug|Any CPU
		{928EE785-A694-43F8-BC8C-605F62397B96}.Release|Any CPU.ActiveCfg = Release|Any CPU
		{928EE785-A694-43F8-BC8C-605F62397B96}.Release|Any CPU.Build.0 = Release|Any CPU
		{928EE785-A694-43F8-BC8C-605F62397B96}.Release|x64.ActiveCfg = Release|Any CPU
		{928EE785-A694-43F8-BC8C-605F62397B96}.Release|x64.Build.0 = Release|Any CPU
		{928EE785-A694-43F8-BC8C-605F62397B96}.Release|x86.ActiveCfg = Release|Any CPU
		{928EE785-A694-43F8-BC8C-605F62397B96}.Release|x86.Build.0 = Release|Any CPU
		{2DDBF891-867D-4F6C-92C0-521DDCEB27B4}.Debug|Any CPU.ActiveCfg = Debug|Any CPU
		{2DDBF891-867D-4F6C-92C0-521DDCEB27B4}.Debug|Any CPU.Build.0 = Debug|Any CPU
		{2DDBF891-867D-4F6C-92C0-521DDCEB27B4}.Debug|x64.ActiveCfg = Debug|Any CPU
		{2DDBF891-867D-4F6C-92C0-521DDCEB27B4}.Debug|x64.Build.0 = Debug|Any CPU
		{2DDBF891-867D-4F6C-92C0-521DDCEB27B4}.Debug|x86.ActiveCfg = Debug|Any CPU
		{2DDBF891-867D-4F6C-92C0-521DDCEB27B4}.Debug|x86.Build.0 = Debug|Any CPU
		{2DDBF891-867D-4F6C-92C0-521DDCEB27B4}.Release|Any CPU.ActiveCfg = Release|Any CPU
		{2DDBF891-867D-4F6C-92C0-521DDCEB27B4}.Release|Any CPU.Build.0 = Release|Any CPU
		{2DDBF891-867D-4F6C-92C0-521DDCEB27B4}.Release|x64.ActiveCfg = Release|Any CPU
		{2DDBF891-867D-4F6C-92C0-521DDCEB27B4}.Release|x64.Build.0 = Release|Any CPU
		{2DDBF891-867D-4F6C-92C0-521DDCEB27B4}.Release|x86.ActiveCfg = Release|Any CPU
		{2DDBF891-867D-4F6C-92C0-521DDCEB27B4}.Release|x86.Build.0 = Release|Any CPU
	EndGlobalSection
	GlobalSection(SolutionProperties) = preSolution
		HideSolutionNode = FALSE
	EndGlobalSection
	GlobalSection(NestedProjects) = preSolution
		{8B290487-4C16-E85E-E807-F579CBE9FC4D} = {827E0CD3-B72D-47B6-A68D-7590B98EB39B}
		{49D509D6-8F23-4EDE-BEC7-9158F398A6F7} = {8B290487-4C16-E85E-E807-F579CBE9FC4D}
		{22BAF98C-8415-17C4-B26A-D537657BC863} = {827E0CD3-B72D-47B6-A68D-7590B98EB39B}
		{156D0AB3-B300-4676-93B2-92CA1573E75E} = {22BAF98C-8415-17C4-B26A-D537657BC863}
		{9048EB7F-3875-A59E-E36B-5BD4C6F2A282} = {827E0CD3-B72D-47B6-A68D-7590B98EB39B}
		{E6DE44DF-2CC8-47BB-B091-7A0A110AD33E} = {9048EB7F-3875-A59E-E36B-5BD4C6F2A282}
		{81034408-37C8-1011-444E-4C15C2FADA8E} = {827E0CD3-B72D-47B6-A68D-7590B98EB39B}
		{EB850C90-7D26-43B1-B6F9-A2080F4C5951} = {81034408-37C8-1011-444E-4C15C2FADA8E}
		{FE5F7021-A3C9-35C7-FF50-8DA81625868E} = {827E0CD3-B72D-47B6-A68D-7590B98EB39B}
		{4C4319AA-B759-4915-B49E-4130BCDD0589} = {FE5F7021-A3C9-35C7-FF50-8DA81625868E}
		{C8E42992-5E42-0C2B-DBFE-AA848D06431C} = {827E0CD3-B72D-47B6-A68D-7590B98EB39B}
		{1544D2F5-AD71-41FD-AB92-53735D7970BB} = {C8E42992-5E42-0C2B-DBFE-AA848D06431C}
		{34B4CB4A-734A-43C6-8033-CB07B149F319} = {0AB3BF05-4346-4AA6-1389-037BE0695223}
		{9015ADC5-6A85-4061-BAAB-635454A68AC7} = {0AB3BF05-4346-4AA6-1389-037BE0695223}
		{16624B6D-0D22-4229-B93B-CBECF0F85BA0} = {0AB3BF05-4346-4AA6-1389-037BE0695223}
		{928EE785-A694-43F8-BC8C-605F62397B96} = {0AB3BF05-4346-4AA6-1389-037BE0695223}
		{2DDBF891-867D-4F6C-92C0-521DDCEB27B4} = {0AB3BF05-4346-4AA6-1389-037BE0695223}
	EndGlobalSection
EndGlobal
